
Microsoft Visual Studio Solution File, Format Version 12.00
# Visual Studio Version 16
VisualStudioVersion = 16.0.31112.23
MinimumVisualStudioVersion = 10.0.40219.1
Project("{2150E333-8FDC-42A3-9474-1A3956D46DE8}") = "Services", "Services", "{F30FAFED-6310-45D3-8660-AEC465FC0045}"
EndProject
Project("{2150E333-8FDC-42A3-9474-1A3956D46DE8}") = "Catalog", "Catalog", "{565C7104-17FB-407B-A1B1-8FDD16FEB615}"
EndProject
Project("{9A19103F-16F7-4668-BE54-9A1E7A4F7556}") = "FreeCourse.Services.Catalog", "FreeCourse.Services.Catalog\FreeCourse.Services.Catalog.csproj", "{C8399F72-2D4B-47C9-8DA5-FE7B99340E7D}"
EndProject
Project("{2150E333-8FDC-42A3-9474-1A3956D46DE8}") = "Solution Items", "Solution Items", "{7B6178DA-8ABF-4EA3-A297-CA2F8ED09D43}"
	ProjectSection(SolutionItems) = preProject
		Ports.txt = Ports.txt
	EndProjectSection
EndProject
Project("{2150E333-8FDC-42A3-9474-1A3956D46DE8}") = "Shared", "Shared", "{6F08B242-7A9D-4195-B0CD-60FB994A1B92}"
EndProject
Project("{9A19103F-16F7-4668-BE54-9A1E7A4F7556}") = "FreeCourse.Shared", "FreeCourse.Shared\FreeCourse.Shared.csproj", "{7D18216F-E359-4668-9A73-C15DB54518FA}"
EndProject
Project("{2150E333-8FDC-42A3-9474-1A3956D46DE8}") = "IdentityServer", "IdentityServer", "{37E9C91D-9EC7-4C14-BD43-1EC9E9811AB7}"
EndProject
Project("{9A19103F-16F7-4668-BE54-9A1E7A4F7556}") = "FreeCourse.IdentityServer", "IdentityServer\FreeCourse.IdentityServer\FreeCourse.IdentityServer.csproj", "{FA5F89D1-4E66-47F7-A23C-3CE745C42967}"
EndProject
Project("{2150E333-8FDC-42A3-9474-1A3956D46DE8}") = "PhotoStock", "PhotoStock", "{D580DA03-B30C-439C-8F09-FB86A1688E7A}"
EndProject
Project("{9A19103F-16F7-4668-BE54-9A1E7A4F7556}") = "FreeCourse.Services.PhotoStock", "Services\PhotoStock\FreeCourse.Services.PhotoStock\FreeCourse.Services.PhotoStock.csproj", "{A205AC31-4613-4478-BCC4-8ADB18FF9959}"
EndProject
Project("{2150E333-8FDC-42A3-9474-1A3956D46DE8}") = "Basket", "Basket", "{D2FC538F-E756-4532-93C0-C991784A27AF}"
EndProject
Project("{9A19103F-16F7-4668-BE54-9A1E7A4F7556}") = "Services.Basket", "Services\Basket\Services.Basket\Services.Basket.csproj", "{ADA44D08-926E-4C72-B039-E8C8FB2F9FC8}"
EndProject
Project("{2150E333-8FDC-42A3-9474-1A3956D46DE8}") = "Discount", "Discount", "{7C2EC613-5479-4A33-9279-E433C3476023}"
EndProject
Project("{9A19103F-16F7-4668-BE54-9A1E7A4F7556}") = "Services.Discount", "Services\Discount\Services.Discount\Services.Discount.csproj", "{6D2CCEC1-0224-4820-951D-01FA84518DC5}"
EndProject
Project("{2150E333-8FDC-42A3-9474-1A3956D46DE8}") = "Order", "Order", "{84F9BA12-E936-4FF3-AD6C-363F3FE8DD94}"
EndProject
Project("{9A19103F-16F7-4668-BE54-9A1E7A4F7556}") = "Services.Order.API", "Services\Order\Services.Order.API\Services.Order.API.csproj", "{8C21875A-1F4B-4D31-9E7A-C5BCCB5A3F3A}"
EndProject
Project("{9A19103F-16F7-4668-BE54-9A1E7A4F7556}") = "Services.Order.Application", "Services\Order\Services.Order.Application\Services.Order.Application.csproj", "{673FD67C-31D6-49A3-BCFC-EE27B7C8B729}"
EndProject
Project("{9A19103F-16F7-4668-BE54-9A1E7A4F7556}") = "Services.Order.Domain", "Order\Services.Order.Domain\Services.Order.Domain.csproj", "{7802B5EA-4588-4854-AA9D-43EE4E646B83}"
EndProject
Project("{9A19103F-16F7-4668-BE54-9A1E7A4F7556}") = "Services.Order.Domain.Core", "Services\Order\Services.Order.Domain.Core\Services.Order.Domain.Core.csproj", "{A2B498FC-E749-4DA9-B923-16E1C513428D}"
EndProject
Project("{9A19103F-16F7-4668-BE54-9A1E7A4F7556}") = "Services.Order.Infrastructure", "Services\Order\Services.Order.Infrastructure\Services.Order.Infrastructure.csproj", "{B183027A-5E25-46CC-8C99-AFCFD3FDD0EC}"
EndProject
Project("{2150E333-8FDC-42A3-9474-1A3956D46DE8}") = "FakePayment", "FakePayment", "{DE1A9824-FD95-41E6-B99B-959783298E48}"
EndProject
Project("{9A19103F-16F7-4668-BE54-9A1E7A4F7556}") = "Services.FakePayment", "Services\FakePayment\Services.FakePayment\Services.FakePayment.csproj", "{C17B2EF0-701C-496B-91F3-F1EF2941A395}"
EndProject
Project("{2150E333-8FDC-42A3-9474-1A3956D46DE8}") = "Gateways", "Gateways", "{CD6008B1-261A-480D-9709-D0C4A125BFC3}"
EndProject
Project("{9A19103F-16F7-4668-BE54-9A1E7A4F7556}") = "WebGateway", "WebGateway\WebGateway.csproj", "{482D2CA0-E51C-4F01-A548-7F6786B5BB58}"
EndProject
Project("{2150E333-8FDC-42A3-9474-1A3956D46DE8}") = "Frontends", "Frontends", "{DA07E301-3A53-42C1-9EE7-B91F635145F9}"
EndProject
Project("{9A19103F-16F7-4668-BE54-9A1E7A4F7556}") = "FreeCourse.Web", "..\..\..\Desktop\UdemyMicroservices-master\UdemyMicroservices-master\Frontends\FreeCourse.Web\FreeCourse.Web.csproj", "{48D71DD6-635F-4771-961A-2E291E02F6E6}"
EndProject
Global
	GlobalSection(SolutionConfigurationPlatforms) = preSolution
		Debug|Any CPU = Debug|Any CPU
		Release|Any CPU = Release|Any CPU
	EndGlobalSection
	GlobalSection(ProjectConfigurationPlatforms) = postSolution
		{C8399F72-2D4B-47C9-8DA5-FE7B99340E7D}.Debug|Any CPU.ActiveCfg = Debug|Any CPU
		{C8399F72-2D4B-47C9-8DA5-FE7B99340E7D}.Debug|Any CPU.Build.0 = Debug|Any CPU
		{C8399F72-2D4B-47C9-8DA5-FE7B99340E7D}.Release|Any CPU.ActiveCfg = Release|Any CPU
		{C8399F72-2D4B-47C9-8DA5-FE7B99340E7D}.Release|Any CPU.Build.0 = Release|Any CPU
		{7D18216F-E359-4668-9A73-C15DB54518FA}.Debug|Any CPU.ActiveCfg = Debug|Any CPU
		{7D18216F-E359-4668-9A73-C15DB54518FA}.Debug|Any CPU.Build.0 = Debug|Any CPU
		{7D18216F-E359-4668-9A73-C15DB54518FA}.Release|Any CPU.ActiveCfg = Release|Any CPU
		{7D18216F-E359-4668-9A73-C15DB54518FA}.Release|Any CPU.Build.0 = Release|Any CPU
		{FA5F89D1-4E66-47F7-A23C-3CE745C42967}.Debug|Any CPU.ActiveCfg = Debug|Any CPU
		{FA5F89D1-4E66-47F7-A23C-3CE745C42967}.Debug|Any CPU.Build.0 = Debug|Any CPU
		{FA5F89D1-4E66-47F7-A23C-3CE745C42967}.Release|Any CPU.ActiveCfg = Release|Any CPU
		{FA5F89D1-4E66-47F7-A23C-3CE745C42967}.Release|Any CPU.Build.0 = Release|Any CPU
		{A205AC31-4613-4478-BCC4-8ADB18FF9959}.Debug|Any CPU.ActiveCfg = Debug|Any CPU
		{A205AC31-4613-4478-BCC4-8ADB18FF9959}.Debug|Any CPU.Build.0 = Debug|Any CPU
		{A205AC31-4613-4478-BCC4-8ADB18FF9959}.Release|Any CPU.ActiveCfg = Release|Any CPU
		{A205AC31-4613-4478-BCC4-8ADB18FF9959}.Release|Any CPU.Build.0 = Release|Any CPU
		{ADA44D08-926E-4C72-B039-E8C8FB2F9FC8}.Debug|Any CPU.ActiveCfg = Debug|Any CPU
		{ADA44D08-926E-4C72-B039-E8C8FB2F9FC8}.Debug|Any CPU.Build.0 = Debug|Any CPU
		{ADA44D08-926E-4C72-B039-E8C8FB2F9FC8}.Release|Any CPU.ActiveCfg = Release|Any CPU
		{ADA44D08-926E-4C72-B039-E8C8FB2F9FC8}.Release|Any CPU.Build.0 = Release|Any CPU
		{6D2CCEC1-0224-4820-951D-01FA84518DC5}.Debug|Any CPU.ActiveCfg = Debug|Any CPU
		{6D2CCEC1-0224-4820-951D-01FA84518DC5}.Debug|Any CPU.Build.0 = Debug|Any CPU
		{6D2CCEC1-0224-4820-951D-01FA84518DC5}.Release|Any CPU.ActiveCfg = Release|Any CPU
		{6D2CCEC1-0224-4820-951D-01FA84518DC5}.Release|Any CPU.Build.0 = Release|Any CPU
		{8C21875A-1F4B-4D31-9E7A-C5BCCB5A3F3A}.Debug|Any CPU.ActiveCfg = Debug|Any CPU
		{8C21875A-1F4B-4D31-9E7A-C5BCCB5A3F3A}.Debug|Any CPU.Build.0 = Debug|Any CPU
		{8C21875A-1F4B-4D31-9E7A-C5BCCB5A3F3A}.Release|Any CPU.ActiveCfg = Release|Any CPU
		{8C21875A-1F4B-4D31-9E7A-C5BCCB5A3F3A}.Release|Any CPU.Build.0 = Release|Any CPU
		{673FD67C-31D6-49A3-BCFC-EE27B7C8B729}.Debug|Any CPU.ActiveCfg = Debug|Any CPU
		{673FD67C-31D6-49A3-BCFC-EE27B7C8B729}.Debug|Any CPU.Build.0 = Debug|Any CPU
		{673FD67C-31D6-49A3-BCFC-EE27B7C8B729}.Release|Any CPU.ActiveCfg = Release|Any CPU
		{673FD67C-31D6-49A3-BCFC-EE27B7C8B729}.Release|Any CPU.Build.0 = Release|Any CPU
		{7802B5EA-4588-4854-AA9D-43EE4E646B83}.Debug|Any CPU.ActiveCfg = Debug|Any CPU
		{7802B5EA-4588-4854-AA9D-43EE4E646B83}.Debug|Any CPU.Build.0 = Debug|Any CPU
		{7802B5EA-4588-4854-AA9D-43EE4E646B83}.Release|Any CPU.ActiveCfg = Release|Any CPU
		{7802B5EA-4588-4854-AA9D-43EE4E646B83}.Release|Any CPU.Build.0 = Release|Any CPU
		{A2B498FC-E749-4DA9-B923-16E1C513428D}.Debug|Any CPU.ActiveCfg = Debug|Any CPU
		{A2B498FC-E749-4DA9-B923-16E1C513428D}.Debug|Any CPU.Build.0 = Debug|Any CPU
		{A2B498FC-E749-4DA9-B923-16E1C513428D}.Release|Any CPU.ActiveCfg = Release|Any CPU
		{A2B498FC-E749-4DA9-B923-16E1C513428D}.Release|Any CPU.Build.0 = Release|Any CPU
		{B183027A-5E25-46CC-8C99-AFCFD3FDD0EC}.Debug|Any CPU.ActiveCfg = Debug|Any CPU
		{B183027A-5E25-46CC-8C99-AFCFD3FDD0EC}.Debug|Any CPU.Build.0 = Debug|Any CPU
		{B183027A-5E25-46CC-8C99-AFCFD3FDD0EC}.Release|Any CPU.ActiveCfg = Release|Any CPU
		{B183027A-5E25-46CC-8C99-AFCFD3FDD0EC}.Release|Any CPU.Build.0 = Release|Any CPU
		{C17B2EF0-701C-496B-91F3-F1EF2941A395}.Debug|Any CPU.ActiveCfg = Debug|Any CPU
		{C17B2EF0-701C-496B-91F3-F1EF2941A395}.Debug|Any CPU.Build.0 = Debug|Any CPU
		{C17B2EF0-701C-496B-91F3-F1EF2941A395}.Release|Any CPU.ActiveCfg = Release|Any CPU
		{C17B2EF0-701C-496B-91F3-F1EF2941A395}.Release|Any CPU.Build.0 = Release|Any CPU
		{482D2CA0-E51C-4F01-A548-7F6786B5BB58}.Debug|Any CPU.ActiveCfg = Debug|Any CPU
		{482D2CA0-E51C-4F01-A548-7F6786B5BB58}.Debug|Any CPU.Build.0 = Debug|Any CPU
		{482D2CA0-E51C-4F01-A548-7F6786B5BB58}.Release|Any CPU.ActiveCfg = Release|Any CPU
		{482D2CA0-E51C-4F01-A548-7F6786B5BB58}.Release|Any CPU.Build.0 = Release|Any CPU
		{48D71DD6-635F-4771-961A-2E291E02F6E6}.Debug|Any CPU.ActiveCfg = Debug|Any CPU
		{48D71DD6-635F-4771-961A-2E291E02F6E6}.Debug|Any CPU.Build.0 = Debug|Any CPU
		{48D71DD6-635F-4771-961A-2E291E02F6E6}.Release|Any CPU.ActiveCfg = Release|Any CPU
		{48D71DD6-635F-4771-961A-2E291E02F6E6}.Release|Any CPU.Build.0 = Release|Any CPU
	EndGlobalSection
	GlobalSection(SolutionProperties) = preSolution
		HideSolutionNode = FALSE
	EndGlobalSection
	GlobalSection(NestedProjects) = preSolution
		{565C7104-17FB-407B-A1B1-8FDD16FEB615} = {F30FAFED-6310-45D3-8660-AEC465FC0045}
		{C8399F72-2D4B-47C9-8DA5-FE7B99340E7D} = {565C7104-17FB-407B-A1B1-8FDD16FEB615}
		{7D18216F-E359-4668-9A73-C15DB54518FA} = {6F08B242-7A9D-4195-B0CD-60FB994A1B92}
		{FA5F89D1-4E66-47F7-A23C-3CE745C42967} = {37E9C91D-9EC7-4C14-BD43-1EC9E9811AB7}
		{D580DA03-B30C-439C-8F09-FB86A1688E7A} = {F30FAFED-6310-45D3-8660-AEC465FC0045}
		{A205AC31-4613-4478-BCC4-8ADB18FF9959} = {D580DA03-B30C-439C-8F09-FB86A1688E7A}
		{D2FC538F-E756-4532-93C0-C991784A27AF} = {F30FAFED-6310-45D3-8660-AEC465FC0045}
		{ADA44D08-926E-4C72-B039-E8C8FB2F9FC8} = {D2FC538F-E756-4532-93C0-C991784A27AF}
		{7C2EC613-5479-4A33-9279-E433C3476023} = {F30FAFED-6310-45D3-8660-AEC465FC0045}
		{6D2CCEC1-0224-4820-951D-01FA84518DC5} = {7C2EC613-5479-4A33-9279-E433C3476023}
		{84F9BA12-E936-4FF3-AD6C-363F3FE8DD94} = {F30FAFED-6310-45D3-8660-AEC465FC0045}
		{8C21875A-1F4B-4D31-9E7A-C5BCCB5A3F3A} = {84F9BA12-E936-4FF3-AD6C-363F3FE8DD94}
		{673FD67C-31D6-49A3-BCFC-EE27B7C8B729} = {84F9BA12-E936-4FF3-AD6C-363F3FE8DD94}
		{7802B5EA-4588-4854-AA9D-43EE4E646B83} = {84F9BA12-E936-4FF3-AD6C-363F3FE8DD94}
		{A2B498FC-E749-4DA9-B923-16E1C513428D} = {84F9BA12-E936-4FF3-AD6C-363F3FE8DD94}
		{B183027A-5E25-46CC-8C99-AFCFD3FDD0EC} = {84F9BA12-E936-4FF3-AD6C-363F3FE8DD94}
		{DE1A9824-FD95-41E6-B99B-959783298E48} = {F30FAFED-6310-45D3-8660-AEC465FC0045}
		{C17B2EF0-701C-496B-91F3-F1EF2941A395} = {DE1A9824-FD95-41E6-B99B-959783298E48}
		{482D2CA0-E51C-4F01-A548-7F6786B5BB58} = {CD6008B1-261A-480D-9709-D0C4A125BFC3}
		{48D71DD6-635F-4771-961A-2E291E02F6E6} = {DA07E301-3A53-42C1-9EE7-B91F635145F9}
	EndGlobalSection
	GlobalSection(ExtensibilityGlobals) = postSolution
		SolutionGuid = {2EE01E69-A024-41B1-845D-D3F7717BEAEF}
	EndGlobalSection
EndGlobal
